{
  "requires": true,
  "lockfileVersion": 1,
  "dependencies": {
    "@types/google.maps": {
      "version": "3.44.4",
      "resolved": "https://registry.npmjs.org/@types/google.maps/-/google.maps-3.44.4.tgz",
      "integrity": "sha512-gVk2MKVuCQUKLt7ncrLLxfF1ipGeRL5LysgNNRAZNpRs5jLt8gewmIAX1zTNW2x2p54Uc5w8Nft/dfsJiPuptA==",
      "dev": true
    }
  }
}